// !$*UTF8*$!
{
	archiveVersion = 1;
	classes = {
	};
	objectVersion = 46;
	objects = {

/* Begin PBXBuildFile section */
		07FD96E01E5CD88B00D012A3 /* main.cpp in Sources */ = {isa = PBXBuildFile; fileRef = 07FD96DF1E5CD88B00D012A3 /* main.cpp */; };
		07FD96E91E5CDF6800D012A3 /* Batter.cpp in Sources */ = {isa = PBXBuildFile; fileRef = 07FD96E71E5CDF6800D012A3 /* Batter.cpp */; };
/* End PBXBuildFile section */

/* Begin PBXCopyFilesBuildPhase section */
		07FD96DA1E5CD88B00D012A3 /* CopyFiles */ = {
			isa = PBXCopyFilesBuildPhase;
			buildActionMask = 2147483647;
			dstPath = /usr/share/man/man1/;
			dstSubfolderSpec = 0;
			files = (
			);
			runOnlyForDeploymentPostprocessing = 1;
		};
/* End PBXCopyFilesBuildPhase section */

/* Begin PBXFileReference section */
		07FD96DC1E5CD88B00D012A3 /* Ch 9 Ex 4 */ = {isa = PBXFileReference; explicitFileType = "compiled.mach-o.executable"; includeInIndex = 0; path = "Ch 9 Ex 4"; sourceTree = BUILT_PRODUCTS_DIR; };
		07FD96DF1E5CD88B00D012A3 /* main.cpp */ = {isa = PBXFileReference; lastKnownFileType = sourcecode.cpp.cpp; path = main.cpp; sourceTree = "<group>"; };
		07FD96E71E5CDF6800D012A3 /* Batter.cpp */ = {isa = PBXFileReference; fileEncoding = 4; lastKnownFileType = sourcecode.cpp.cpp; path = Batter.cpp; sourceTree = "<group>"; };
		07FD96E81E5CDF6800D012A3 /* Batter.h */ = {isa = PBXFileReference; fileEncoding = 4; lastKnownFileType = sourcecode.c.h; path = Batter.h; sourceTree = "<group>"; };
/* End PBXFileReference section */

/* Begin PBXFrameworksBuildPhase section */
		07FD96D91E5CD88B00D012A3 /* Frameworks */ = {
			isa = PBXFrameworksBuildPhase;
			buildActionMask = 2147483647;
			files = (
			);
			runOnlyForDeploymentPostprocessing = 0;
		};
/* End PBXFrameworksBuildPhase section */

/* Begin PBXGroup section */
		07FD96D31E5CD88B00D012A3 = {
			isa = PBXGroup;
			children = (
				07FD96DE1E5CD88B00D012A3 /* Ch 9 Ex 4 */,
				07FD96DD1E5CD88B00D012A3 /* Products */,
			);
			sourceTree = "<group>";
		};
		07FD96DD1E5CD88B00D012A3 /* Products */ = {
			isa = PBXGroup;
			children = (
				07FD96DC1E5CD88B00D012A3 /* Ch 9 Ex 4 */,
			);
			name = Products;
			sourceTree = "<group>";
		};
		07FD96DE1E5CD88B00D012A3 /* Ch 9 Ex 4 */ = {
			isa = PBXGroup;
			children = (
				07FD96DF1E5CD88B00D012A3 /* main.cpp */,
				07FD96E71E5CDF6800D012A3 /* Batter.cpp */,
				07FD96E81E5CDF6800D012A3 /* Batter.h */,
			);
			path = "Ch 9 Ex 4";
			sourceTree = "<group>";
		};
/* End PBXGroup section */

/* Begin PBXNativeTarget section */
		07FD96DB1E5CD88B00D012A3 /* Ch 9 Ex 4 */ = {
			isa = PBXNativeTarget;
			buildConfigurationList = 07FD96E31E5CD88B00D012A3 /* Build configuration list for PBXNativeTarget "Ch 9 Ex 4" */;
			buildPhases = (
				07FD96D81E5CD88B00D012A3 /* Sources */,
				07FD96D91E5CD88B00D012A3 /* Frameworks */,
				07FD96DA1E5CD88B00D012A3 /* CopyFiles */,
			);
			buildRules = (
			);
			dependencies = (
			);
			name = "Ch 9 Ex 4";
			productName = "Ch 9 Ex 4";
			productReference = 07FD96DC1E5CD88B00D012A3 /* Ch 9 Ex 4 */;
			productType = "com.apple.product-type.tool";
		};
/* End PBXNativeTarget section */

/* Begin PBXProject section */
		07FD96D41E5CD88B00D012A3 /* Project object */ = {
			isa = PBXProject;
			attributes = {
				LastUpgradeCheck = 0820;
				ORGANIZATIONNAME = MyApps;
				TargetAttributes = {
					07FD96DB1E5CD88B00D012A3 = {
						CreatedOnToolsVersion = 8.2.1;
						DevelopmentTeam = 5VH56T7SNL;
						ProvisioningStyle = Automatic;
					};
				};
			};
			buildConfigurationList = 07FD96D71E5CD88B00D012A3 /* Build configuration list for PBXProject "Ch 9 Ex 4" */;
			compatibilityVersion = "Xcode 3.2";
			developmentRegion = English;
			hasScannedForEncodings = 0;
			knownRegions = (
				en,
			);
			mainGroup = 07FD96D31E5CD88B00D012A3;
			productRefGroup = 07FD96DD1E5CD88B00D012A3 /* Products */;
			projectDirPath = "";
			projectRoot = "";
			targets = (
				07FD96DB1E5CD88B00D012A3 /* Ch 9 Ex 4 */,
			);
		};
/* End PBXProject section */

/* Begin PBXSourcesBuildPhase section */
		07FD96D81E5CD88B00D012A3 /* Sources */ = {
			isa = PBXSourcesBuildPhase;
			buildActionMask = 2147483647;
			files = (
				07FD96E01E5CD88B00D012A3 /* main.cpp in Sources */,
				07FD96E91E5CDF6800D012A3 /* Batter.cpp in Sources */,
			);
			runOnlyForDeploymentPostprocessing = 0;
		};
/* End PBXSourcesBuildPhase section */

/* Begin XCBuildConfiguration section */
		07FD96E11E5CD88B00D012A3 /* Debug */ = {
			isa = XCBuildConfiguration;
			buildSettings = {
				ALWAYS_SEARCH_USER_PATHS = NO;
				CLANG_ANALYZER_NONNULL = YES;
				CLANG_CXX_LANGUAGE_STANDARD = "gnu++0x";
				CLANG_CXX_LIBRARY = "libc++";
				CLANG_ENABLE_MODULES = YES;
				CLANG_ENABLE_OBJC_ARC = YES;
				CLANG_WARN_BOOL_CONVERSION = YES;
				CLANG_WARN_CONSTANT_CONVERSION = YES;
				CLANG_WARN_DIRECT_OBJC_ISA_USAGE = YES_ERROR;
				CLANG_WARN_DOCUMENTATION_COMMENTS = YES;
				CLANG_WARN_EMPTY_BODY = YES;
				CLANG_WARN_ENUM_CONVERSION = YES;
				CLANG_WARN_INFINITE_RECURSION = YES;
				CLANG_WARN_INT_CONVERSION = YES;
				CLANG_WARN_OBJC_ROOT_CLASS = YES_ERROR;
				CLANG_WARN_SUSPICIOUS_MOVE = YES;
				CLANG_WARN_UNREACHABLE_CODE = YES;
				CLANG_WARN__DUPLICATE_METHOD_MATCH = YES;
				CODE_SIGN_IDENTITY = "-";
				COPY_PHASE_STRIP = NO;
				DEBUG_INFORMATION_FORMAT = dwarf;
				ENABLE_STRICT_OBJC_MSGSEND = YES;
				ENABLE_TESTABILITY = YES;
				GCC_C_LANGUAGE_STANDARD = gnu99;
				GCC_DYNAMIC_NO_PIC = NO;
				GCC_NO_COMMON_BLOCKS = YES;
				GCC_OPTIMIZATION_LEVEL = 0;
				GCC_PREPROCESSOR_DEFINITIONS = (
					"DEBUG=1",
					"$(inherited)",
				);
				GCC_WARN_64_TO_32_BIT_CONVERSION = YES;
				GCC_WARN_ABOUT_RETURN_TYPE = YES_ERROR;
				GCC_WARN_UNDECLARED_SELECTOR = YES;
				GCC_WARN_UNINITIALIZED_AUTOS = YES_AGGRESSIVE;
				GCC_WARN_UNUSED_FUNCTION = YES;
				GCC_WARN_UNUSED_VARIABLE = YES;
				MACOSX_DEPLOYMENT_TARGET = 10.12;
				MTL_ENABLE_DEBUG_INFO = YES;
				ONLY_ACTIVE_ARCH = YES;
				SDKROOT = macosx;
			};
			name = Debug;
		};
		07FD96E21E5CD88B00D012A3 /* Release */ = {
			isa = XCBuildConfiguration;
			buildSettings = {
				ALWAYS_SEARCH_USER_PATHS = NO;
				CLANG_ANALYZER_NONNULL = YES;
				CLANG_CXX_LANGUAGE_STANDARD = "gnu++0x";
				CLANG_CXX_LIBRARY = "libc++";
				CLANG_ENABLE_MODULES = YES;
				CLANG_ENABLE_OBJC_ARC = YES;
				CLANG_WARN_BOOL_CONVERSION = YES;
				CLANG_WARN_CONSTANT_CONVERSION = YES;
				CLANG_WARN_DIRECT_OBJC_ISA_USAGE = YES_ERROR;
				CLANG_WARN_DOCUMENTATION_COMMENTS = YES;
				CLANG_WARN_EMPTY_BODY = YES;
				CLANG_WARN_ENUM_CONVERSION = YES;
				CLANG_WARN_INFINITE_RECURSION = YES;
				CLANG_WARN_INT_CONVERSION = YES;
				CLANG_WARN_OBJC_ROOT_CLASS = YES_ERROR;
				CLANG_WARN_SUSPICIOUS_MOVE = YES;
				CLANG_WARN_UNREACHABLE_CODE = YES;
				CLANG_WARN__DUPLICATE_METHOD_MATCH = YES;
				CODE_SIGN_IDENTITY = "-";
				COPY_PHASE_STRIP = NO;
				DEBUG_INFORMATION_FORMAT = "dwarf-with-dsym";
				ENABLE_NS_ASSERTIONS = NO;
				ENABLE_STRICT_OBJC_MSGSEND = YES;
				GCC_C_LANGUAGE_STANDARD = gnu99;
				GCC_NO_COMMON_BLOCKS = YES;
				GCC_WARN_64_TO_32_BIT_CONVERSION = YES;
				GCC_WARN_ABOUT_RETURN_TYPE = YES_ERROR;
				GCC_WARN_UNDECLARED_SELECTOR = YES;
				GCC_WARN_UNINITIALIZED_AUTOS = YES_AGGRESSIVE;
				GCC_WARN_UNUSED_FUNCTION = YES;
				GCC_WARN_UNUSED_VARIABLE = YES;
				MACOSX_DEPLOYMENT_TARGET = 10.12;
				MTL_ENABLE_DEBUG_INFO = NO;
				SDKROOT = macosx;
			};
			name = Release;
		};
		07FD96E41E5CD88B00D012A3 /* Debug */ = {
			isa = XCBuildConfiguration;
			buildSettings = {
				DEVELOPMENT_TEAM = 5VH56T7SNL;
				PRODUCT_NAME = "$(TARGET_NAME)";
			};
			name = Debug;
		};
		07FD96E51E5CD88B00D012A3 /* Release */ = {
			isa = XCBuildConfiguration;
			buildSettings = {
				DEVELOPMENT_TEAM = 5VH56T7SNL;
				PRODUCT_NAME = "$(TARGET_NAME)";
			};
			name = Release;
		};
/* End XCBuildConfiguration section */

/* Begin XCConfigurationList section */
		07FD96D71E5CD88B00D012A3 /* Build configuration list for PBXProject "Ch 9 Ex 4" */ = {
			isa = XCConfigurationList;
			buildConfigurations = (
				07FD96E11E5CD88B00D012A3 /* Debug */,
				07FD96E21E5CD88B00D012A3 /* Release */,
			);
			defaultConfigurationIsVisible = 0;
			defaultConfigurationName = Release;
		};
		07FD96E31E5CD88B00D012A3 /* Build configuration list for PBXNativeTarget "Ch 9 Ex 4" */ = {
			isa = XCConfigurationList;
			buildConfigurations = (
				07FD96E41E5CD88B00D012A3 /* Debug */,
				07FD96E51E5CD88B00D012A3 /* Release */,
			);
			defaultConfigurationIsVisible = 0;
		};
/* End XCConfigurationList section */
	};
	rootObject = 07FD96D41E5CD88B00D012A3 /* Project object */;
}
