// !$*UTF8*$!
{
	archiveVersion = 1;
	classes = {
	};
	objectVersion = 46;
	objects = {

/* Begin PBXBuildFile section */
		079BCCEE1E7AF42800734B68 /* main.cpp in Sources */ = {isa = PBXBuildFile; fileRef = 079BCCED1E7AF42800734B68 /* main.cpp */; };
		079BCCF61E7AF5B600734B68 /* Numbers.cpp in Sources */ = {isa = PBXBuildFile; fileRef = 079BCCF41E7AF5B600734B68 /* Numbers.cpp */; };
/* End PBXBuildFile section */

/* Begin PBXCopyFilesBuildPhase section */
		079BCCE81E7AF42800734B68 /* CopyFiles */ = {
			isa = PBXCopyFilesBuildPhase;
			buildActionMask = 2147483647;
			dstPath = /usr/share/man/man1/;
			dstSubfolderSpec = 0;
			files = (
			);
			runOnlyForDeploymentPostprocessing = 1;
		};
/* End PBXCopyFilesBuildPhase section */

/* Begin PBXFileReference section */
		079BCCEA1E7AF42800734B68 /* Ch 11 Ex 1 */ = {isa = PBXFileReference; explicitFileType = "compiled.mach-o.executable"; includeInIndex = 0; path = "Ch 11 Ex 1"; sourceTree = BUILT_PRODUCTS_DIR; };
		079BCCED1E7AF42800734B68 /* main.cpp */ = {isa = PBXFileReference; lastKnownFileType = sourcecode.cpp.cpp; path = main.cpp; sourceTree = "<group>"; };
		079BCCF41E7AF5B600734B68 /* Numbers.cpp */ = {isa = PBXFileReference; fileEncoding = 4; lastKnownFileType = sourcecode.cpp.cpp; path = Numbers.cpp; sourceTree = "<group>"; };
		079BCCF51E7AF5B600734B68 /* Numbers.h */ = {isa = PBXFileReference; fileEncoding = 4; lastKnownFileType = sourcecode.c.h; path = Numbers.h; sourceTree = "<group>"; };
/* End PBXFileReference section */

/* Begin PBXFrameworksBuildPhase section */
		079BCCE71E7AF42800734B68 /* Frameworks */ = {
			isa = PBXFrameworksBuildPhase;
			buildActionMask = 2147483647;
			files = (
			);
			runOnlyForDeploymentPostprocessing = 0;
		};
/* End PBXFrameworksBuildPhase section */

/* Begin PBXGroup section */
		079BCCE11E7AF42800734B68 = {
			isa = PBXGroup;
			children = (
				079BCCEC1E7AF42800734B68 /* Ch 11 Ex 1 */,
				079BCCEB1E7AF42800734B68 /* Products */,
			);
			sourceTree = "<group>";
		};
		079BCCEB1E7AF42800734B68 /* Products */ = {
			isa = PBXGroup;
			children = (
				079BCCEA1E7AF42800734B68 /* Ch 11 Ex 1 */,
			);
			name = Products;
			sourceTree = "<group>";
		};
		079BCCEC1E7AF42800734B68 /* Ch 11 Ex 1 */ = {
			isa = PBXGroup;
			children = (
				079BCCED1E7AF42800734B68 /* main.cpp */,
				079BCCF41E7AF5B600734B68 /* Numbers.cpp */,
				079BCCF51E7AF5B600734B68 /* Numbers.h */,
			);
			path = "Ch 11 Ex 1";
			sourceTree = "<group>";
		};
/* End PBXGroup section */

/* Begin PBXNativeTarget section */
		079BCCE91E7AF42800734B68 /* Ch 11 Ex 1 */ = {
			isa = PBXNativeTarget;
			buildConfigurationList = 079BCCF11E7AF42800734B68 /* Build configuration list for PBXNativeTarget "Ch 11 Ex 1" */;
			buildPhases = (
				079BCCE61E7AF42800734B68 /* Sources */,
				079BCCE71E7AF42800734B68 /* Frameworks */,
				079BCCE81E7AF42800734B68 /* CopyFiles */,
			);
			buildRules = (
			);
			dependencies = (
			);
			name = "Ch 11 Ex 1";
			productName = "Ch 11 Ex 1";
			productReference = 079BCCEA1E7AF42800734B68 /* Ch 11 Ex 1 */;
			productType = "com.apple.product-type.tool";
		};
/* End PBXNativeTarget section */

/* Begin PBXProject section */
		079BCCE21E7AF42800734B68 /* Project object */ = {
			isa = PBXProject;
			attributes = {
				LastUpgradeCheck = 0820;
				ORGANIZATIONNAME = MyApps;
				TargetAttributes = {
					079BCCE91E7AF42800734B68 = {
						CreatedOnToolsVersion = 8.2.1;
						DevelopmentTeam = 5VH56T7SNL;
						ProvisioningStyle = Automatic;
					};
				};
			};
			buildConfigurationList = 079BCCE51E7AF42800734B68 /* Build configuration list for PBXProject "Ch 11 Ex 1" */;
			compatibilityVersion = "Xcode 3.2";
			developmentRegion = English;
			hasScannedForEncodings = 0;
			knownRegions = (
				en,
			);
			mainGroup = 079BCCE11E7AF42800734B68;
			productRefGroup = 079BCCEB1E7AF42800734B68 /* Products */;
			projectDirPath = "";
			projectRoot = "";
			targets = (
				079BCCE91E7AF42800734B68 /* Ch 11 Ex 1 */,
			);
		};
/* End PBXProject section */

/* Begin PBXSourcesBuildPhase section */
		079BCCE61E7AF42800734B68 /* Sources */ = {
			isa = PBXSourcesBuildPhase;
			buildActionMask = 2147483647;
			files = (
				079BCCF61E7AF5B600734B68 /* Numbers.cpp in Sources */,
				079BCCEE1E7AF42800734B68 /* main.cpp in Sources */,
			);
			runOnlyForDeploymentPostprocessing = 0;
		};
/* End PBXSourcesBuildPhase section */

/* Begin XCBuildConfiguration section */
		079BCCEF1E7AF42800734B68 /* Debug */ = {
			isa = XCBuildConfiguration;
			buildSettings = {
				ALWAYS_SEARCH_USER_PATHS = NO;
				CLANG_ANALYZER_NONNULL = YES;
				CLANG_CXX_LANGUAGE_STANDARD = "gnu++0x";
				CLANG_CXX_LIBRARY = "libc++";
				CLANG_ENABLE_MODULES = YES;
				CLANG_ENABLE_OBJC_ARC = YES;
				CLANG_WARN_BOOL_CONVERSION = YES;
				CLANG_WARN_CONSTANT_CONVERSION = YES;
				CLANG_WARN_DIRECT_OBJC_ISA_USAGE = YES_ERROR;
				CLANG_WARN_DOCUMENTATION_COMMENTS = YES;
				CLANG_WARN_EMPTY_BODY = YES;
				CLANG_WARN_ENUM_CONVERSION = YES;
				CLANG_WARN_INFINITE_RECURSION = YES;
				CLANG_WARN_INT_CONVERSION = YES;
				CLANG_WARN_OBJC_ROOT_CLASS = YES_ERROR;
				CLANG_WARN_SUSPICIOUS_MOVE = YES;
				CLANG_WARN_UNREACHABLE_CODE = YES;
				CLANG_WARN__DUPLICATE_METHOD_MATCH = YES;
				CODE_SIGN_IDENTITY = "-";
				COPY_PHASE_STRIP = NO;
				DEBUG_INFORMATION_FORMAT = dwarf;
				ENABLE_STRICT_OBJC_MSGSEND = YES;
				ENABLE_TESTABILITY = YES;
				GCC_C_LANGUAGE_STANDARD = gnu99;
				GCC_DYNAMIC_NO_PIC = NO;
				GCC_NO_COMMON_BLOCKS = YES;
				GCC_OPTIMIZATION_LEVEL = 0;
				GCC_PREPROCESSOR_DEFINITIONS = (
					"DEBUG=1",
					"$(inherited)",
				);
				GCC_WARN_64_TO_32_BIT_CONVERSION = YES;
				GCC_WARN_ABOUT_RETURN_TYPE = YES_ERROR;
				GCC_WARN_UNDECLARED_SELECTOR = YES;
				GCC_WARN_UNINITIALIZED_AUTOS = YES_AGGRESSIVE;
				GCC_WARN_UNUSED_FUNCTION = YES;
				GCC_WARN_UNUSED_VARIABLE = YES;
				MACOSX_DEPLOYMENT_TARGET = 10.12;
				MTL_ENABLE_DEBUG_INFO = YES;
				ONLY_ACTIVE_ARCH = YES;
				SDKROOT = macosx;
			};
			name = Debug;
		};
		079BCCF01E7AF42800734B68 /* Release */ = {
			isa = XCBuildConfiguration;
			buildSettings = {
				ALWAYS_SEARCH_USER_PATHS = NO;
				CLANG_ANALYZER_NONNULL = YES;
				CLANG_CXX_LANGUAGE_STANDARD = "gnu++0x";
				CLANG_CXX_LIBRARY = "libc++";
				CLANG_ENABLE_MODULES = YES;
				CLANG_ENABLE_OBJC_ARC = YES;
				CLANG_WARN_BOOL_CONVERSION = YES;
				CLANG_WARN_CONSTANT_CONVERSION = YES;
				CLANG_WARN_DIRECT_OBJC_ISA_USAGE = YES_ERROR;
				CLANG_WARN_DOCUMENTATION_COMMENTS = YES;
				CLANG_WARN_EMPTY_BODY = YES;
				CLANG_WARN_ENUM_CONVERSION = YES;
				CLANG_WARN_INFINITE_RECURSION = YES;
				CLANG_WARN_INT_CONVERSION = YES;
				CLANG_WARN_OBJC_ROOT_CLASS = YES_ERROR;
				CLANG_WARN_SUSPICIOUS_MOVE = YES;
				CLANG_WARN_UNREACHABLE_CODE = YES;
				CLANG_WARN__DUPLICATE_METHOD_MATCH = YES;
				CODE_SIGN_IDENTITY = "-";
				COPY_PHASE_STRIP = NO;
				DEBUG_INFORMATION_FORMAT = "dwarf-with-dsym";
				ENABLE_NS_ASSERTIONS = NO;
				ENABLE_STRICT_OBJC_MSGSEND = YES;
				GCC_C_LANGUAGE_STANDARD = gnu99;
				GCC_NO_COMMON_BLOCKS = YES;
				GCC_WARN_64_TO_32_BIT_CONVERSION = YES;
				GCC_WARN_ABOUT_RETURN_TYPE = YES_ERROR;
				GCC_WARN_UNDECLARED_SELECTOR = YES;
				GCC_WARN_UNINITIALIZED_AUTOS = YES_AGGRESSIVE;
				GCC_WARN_UNUSED_FUNCTION = YES;
				GCC_WARN_UNUSED_VARIABLE = YES;
				MACOSX_DEPLOYMENT_TARGET = 10.12;
				MTL_ENABLE_DEBUG_INFO = NO;
				SDKROOT = macosx;
			};
			name = Release;
		};
		079BCCF21E7AF42800734B68 /* Debug */ = {
			isa = XCBuildConfiguration;
			buildSettings = {
				DEVELOPMENT_TEAM = 5VH56T7SNL;
				PRODUCT_NAME = "$(TARGET_NAME)";
			};
			name = Debug;
		};
		079BCCF31E7AF42800734B68 /* Release */ = {
			isa = XCBuildConfiguration;
			buildSettings = {
				DEVELOPMENT_TEAM = 5VH56T7SNL;
				PRODUCT_NAME = "$(TARGET_NAME)";
			};
			name = Release;
		};
/* End XCBuildConfiguration section */

/* Begin XCConfigurationList section */
		079BCCE51E7AF42800734B68 /* Build configuration list for PBXProject "Ch 11 Ex 1" */ = {
			isa = XCConfigurationList;
			buildConfigurations = (
				079BCCEF1E7AF42800734B68 /* Debug */,
				079BCCF01E7AF42800734B68 /* Release */,
			);
			defaultConfigurationIsVisible = 0;
			defaultConfigurationName = Release;
		};
		079BCCF11E7AF42800734B68 /* Build configuration list for PBXNativeTarget "Ch 11 Ex 1" */ = {
			isa = XCConfigurationList;
			buildConfigurations = (
				079BCCF21E7AF42800734B68 /* Debug */,
				079BCCF31E7AF42800734B68 /* Release */,
			);
			defaultConfigurationIsVisible = 0;
		};
/* End XCConfigurationList section */
	};
	rootObject = 079BCCE21E7AF42800734B68 /* Project object */;
}
